{
  "pins" : [
    {
      "identity" : "aeextensionkit",
      "kind" : "remoteSourceControl",
      "location" : "https://github.com/AuroraEditor/AEExtensionKit.git",
      "state" : {
        "branch" : "main",
        "revision" : "d0e8533d1b3a0f9f9162c45a42a64be6a3eb01f2"
      }
    }
  ],
  "version" : 2
}
